
Microsoft Visual Studio Solution File, Format Version 12.00
# Visual Studio Version 16
VisualStudioVersion = 16.0.31624.102
MinimumVisualStudioVersion = 10.0.40219.1
Project("{FAE04EC0-301F-11D3-BF4B-00C04F79EFBC}") = "Marunina_a_17_20_TR", "Marunina_a_17_20_TR\Marunina_a_17_20_TR.csproj", "{56E0A0C8-B93B-452B-BA2C-7B087AB487D4}"
EndProject
Global
	GlobalSection(SolutionConfigurationPlatforms) = preSolution
		Debug|Any CPU = Debug|Any CPU
		Release|Any CPU = Release|Any CPU
	EndGlobalSection
	GlobalSection(ProjectConfigurationPlatforms) = postSolution
		{56E0A0C8-B93B-452B-BA2C-7B087AB487D4}.Debug|Any CPU.ActiveCfg = Debug|Any CPU
		{56E0A0C8-B93B-452B-BA2C-7B087AB487D4}.Debug|Any CPU.Build.0 = Debug|Any CPU
		{56E0A0C8-B93B-452B-BA2C-7B087AB487D4}.Release|Any CPU.ActiveCfg = Release|Any CPU
		{56E0A0C8-B93B-452B-BA2C-7B087AB487D4}.Release|Any CPU.Build.0 = Release|Any CPU
	EndGlobalSection
	GlobalSection(SolutionProperties) = preSolution
		HideSolutionNode = FALSE
	EndGlobalSection
	GlobalSection(ExtensibilityGlobals) = postSolution
		SolutionGuid = {D4677E86-8E7B-4E17-AFF6-C63259032DC4}
	EndGlobalSection
EndGlobal
